
Microsoft Visual Studio Solution File, Format Version 12.00
# Visual Studio Version 16
VisualStudioVersion = 16.0.30907.101
MinimumVisualStudioVersion = 10.0.40219.1
Project("{FAE04EC0-301F-11D3-BF4B-00C04F79EFBC}") = "Repository", "Repository\Repository.csproj", "{934743E6-6563-4749-B109-F5C749FFED90}"
EndProject
Project("{FAE04EC0-301F-11D3-BF4B-00C04F79EFBC}") = "IEntityRepository", "IEntityRepository\IEntityRepository.csproj", "{C1EDF283-B50D-4F0F-81A0-94DEA2DE2A66}"
EndProject
Global
	GlobalSection(SolutionConfigurationPlatforms) = preSolution
		Debug|Any CPU = Debug|Any CPU
		Release|Any CPU = Release|Any CPU
	EndGlobalSection
	GlobalSection(ProjectConfigurationPlatforms) = postSolution
		{934743E6-6563-4749-B109-F5C749FFED90}.Debug|Any CPU.ActiveCfg = Debug|Any CPU
		{934743E6-6563-4749-B109-F5C749FFED90}.Debug|Any CPU.Build.0 = Debug|Any CPU
		{934743E6-6563-4749-B109-F5C749FFED90}.Release|Any CPU.ActiveCfg = Release|Any CPU
		{934743E6-6563-4749-B109-F5C749FFED90}.Release|Any CPU.Build.0 = Release|Any CPU
		{C1EDF283-B50D-4F0F-81A0-94DEA2DE2A66}.Debug|Any CPU.ActiveCfg = Debug|Any CPU
		{C1EDF283-B50D-4F0F-81A0-94DEA2DE2A66}.Debug|Any CPU.Build.0 = Debug|Any CPU
		{C1EDF283-B50D-4F0F-81A0-94DEA2DE2A66}.Release|Any CPU.ActiveCfg = Release|Any CPU
		{C1EDF283-B50D-4F0F-81A0-94DEA2DE2A66}.Release|Any CPU.Build.0 = Release|Any CPU
	EndGlobalSection
	GlobalSection(SolutionProperties) = preSolution
		HideSolutionNode = FALSE
	EndGlobalSection
	GlobalSection(ExtensibilityGlobals) = postSolution
		SolutionGuid = {F74F81A8-1908-4FAF-A9D8-CED2FEB1D1B0}
	EndGlobalSection
EndGlobal
