
Microsoft Visual Studio Solution File, Format Version 12.00
# Visual Studio Version 16
VisualStudioVersion = 16.0.30907.101
MinimumVisualStudioVersion = 10.0.40219.1
Project("{FAE04EC0-301F-11D3-BF4B-00C04F79EFBC}") = "WebAppLAB4_3", "WebAppLAB4_3\WebAppLAB4_3.csproj", "{DA127816-A3E4-4BC3-85F9-1743D9DA7FD1}"
EndProject
Global
	GlobalSection(SolutionConfigurationPlatforms) = preSolution
		Debug|Any CPU = Debug|Any CPU
		Release|Any CPU = Release|Any CPU
	EndGlobalSection
	GlobalSection(ProjectConfigurationPlatforms) = postSolution
		{DA127816-A3E4-4BC3-85F9-1743D9DA7FD1}.Debug|Any CPU.ActiveCfg = Debug|Any CPU
		{DA127816-A3E4-4BC3-85F9-1743D9DA7FD1}.Debug|Any CPU.Build.0 = Debug|Any CPU
		{DA127816-A3E4-4BC3-85F9-1743D9DA7FD1}.Release|Any CPU.ActiveCfg = Release|Any CPU
		{DA127816-A3E4-4BC3-85F9-1743D9DA7FD1}.Release|Any CPU.Build.0 = Release|Any CPU
	EndGlobalSection
	GlobalSection(SolutionProperties) = preSolution
		HideSolutionNode = FALSE
	EndGlobalSection
	GlobalSection(ExtensibilityGlobals) = postSolution
		SolutionGuid = {BEA283F5-7B3C-44F2-BB75-B1CFE7388EF9}
	EndGlobalSection
EndGlobal
